
Microsoft Visual Studio Solution File, Format Version 12.00
# Visual Studio 17
VisualStudioVersion = 17.0.24720.0
MinimumVisualStudioVersion = 10.0.40219.1
Project("{FAE04EC0-301F-11D3-BF4B-00C04F79EFBC}") = "LogicaGioco", "LogicaGioco\LogicaGioco.csproj", "{C052669D-2B48-4C10-8BA5-AE3C9C2EFB9B}"
EndProject
Project("{FAE04EC0-301F-11D3-BF4B-00C04F79EFBC}") = "BriscolaForm", "..\BriscolaForm\BriscolaForm\BriscolaForm.csproj", "{1BCE867B-0978-4F22-9134-9C6EBF22107F}"
EndProject
Global
	GlobalSection(SolutionConfigurationPlatforms) = preSolution
		Debug|Any CPU = Debug|Any CPU
		Release|Any CPU = Release|Any CPU
	EndGlobalSection
	GlobalSection(ProjectConfigurationPlatforms) = postSolution
		{C052669D-2B48-4C10-8BA5-AE3C9C2EFB9B}.Debug|Any CPU.ActiveCfg = Debug|Any CPU
		{C052669D-2B48-4C10-8BA5-AE3C9C2EFB9B}.Debug|Any CPU.Build.0 = Debug|Any CPU
		{C052669D-2B48-4C10-8BA5-AE3C9C2EFB9B}.Release|Any CPU.ActiveCfg = Release|Any CPU
		{C052669D-2B48-4C10-8BA5-AE3C9C2EFB9B}.Release|Any CPU.Build.0 = Release|Any CPU
		{1BCE867B-0978-4F22-9134-9C6EBF22107F}.Debug|Any CPU.ActiveCfg = Debug|Any CPU
		{1BCE867B-0978-4F22-9134-9C6EBF22107F}.Debug|Any CPU.Build.0 = Debug|Any CPU
		{1BCE867B-0978-4F22-9134-9C6EBF22107F}.Release|Any CPU.ActiveCfg = Release|Any CPU
		{1BCE867B-0978-4F22-9134-9C6EBF22107F}.Release|Any CPU.Build.0 = Release|Any CPU
	EndGlobalSection
	GlobalSection(SolutionProperties) = preSolution
		HideSolutionNode = FALSE
	EndGlobalSection
EndGlobal
